
Microsoft Visual Studio Solution File, Format Version 12.00
# Visual Studio Version 17
VisualStudioVersion = 17.0.31903.59
MinimumVisualStudioVersion = 10.0.40219.1
Project("{FAE04EC0-301F-11D3-BF4B-00C04F79EFBC}") = "CafeAPI", "CafeAPI\CafeAPI.csproj", "{53CBB947-5F75-4A22-B616-695099397F1C}"
EndProject
Project("{FAE04EC0-301F-11D3-BF4B-00C04F79EFBC}") = "Entities", "Entities\Entities.csproj", "{72719E1B-9E16-47F3-A530-819B15FA0980}"
EndProject
Project("{FAE04EC0-301F-11D3-BF4B-00C04F79EFBC}") = "Services", "Services\Services.csproj", "{2267E1E8-1DFC-4875-A357-ED064E3D7D4B}"
EndProject
Project("{FAE04EC0-301F-11D3-BF4B-00C04F79EFBC}") = "Repositories", "Repositories\Repositories.csproj", "{B11D868E-01F9-435B-87B1-9C25DD5D309F}"
EndProject
Project("{FAE04EC0-301F-11D3-BF4B-00C04F79EFBC}") = "Presentation", "Presentation\Presentation.csproj", "{21892E62-AB2E-4BDF-9BC0-B6A84221FD49}"
EndProject
Global
	GlobalSection(SolutionConfigurationPlatforms) = preSolution
		Debug|Any CPU = Debug|Any CPU
		Release|Any CPU = Release|Any CPU
	EndGlobalSection
	GlobalSection(ProjectConfigurationPlatforms) = postSolution
		{53CBB947-5F75-4A22-B616-695099397F1C}.Debug|Any CPU.ActiveCfg = Debug|Any CPU
		{53CBB947-5F75-4A22-B616-695099397F1C}.Debug|Any CPU.Build.0 = Debug|Any CPU
		{53CBB947-5F75-4A22-B616-695099397F1C}.Release|Any CPU.ActiveCfg = Release|Any CPU
		{53CBB947-5F75-4A22-B616-695099397F1C}.Release|Any CPU.Build.0 = Release|Any CPU
		{72719E1B-9E16-47F3-A530-819B15FA0980}.Debug|Any CPU.ActiveCfg = Debug|Any CPU
		{72719E1B-9E16-47F3-A530-819B15FA0980}.Debug|Any CPU.Build.0 = Debug|Any CPU
		{72719E1B-9E16-47F3-A530-819B15FA0980}.Release|Any CPU.ActiveCfg = Release|Any CPU
		{72719E1B-9E16-47F3-A530-819B15FA0980}.Release|Any CPU.Build.0 = Release|Any CPU
		{2267E1E8-1DFC-4875-A357-ED064E3D7D4B}.Debug|Any CPU.ActiveCfg = Debug|Any CPU
		{2267E1E8-1DFC-4875-A357-ED064E3D7D4B}.Debug|Any CPU.Build.0 = Debug|Any CPU
		{2267E1E8-1DFC-4875-A357-ED064E3D7D4B}.Release|Any CPU.ActiveCfg = Release|Any CPU
		{2267E1E8-1DFC-4875-A357-ED064E3D7D4B}.Release|Any CPU.Build.0 = Release|Any CPU
		{B11D868E-01F9-435B-87B1-9C25DD5D309F}.Debug|Any CPU.ActiveCfg = Debug|Any CPU
		{B11D868E-01F9-435B-87B1-9C25DD5D309F}.Debug|Any CPU.Build.0 = Debug|Any CPU
		{B11D868E-01F9-435B-87B1-9C25DD5D309F}.Release|Any CPU.ActiveCfg = Release|Any CPU
		{B11D868E-01F9-435B-87B1-9C25DD5D309F}.Release|Any CPU.Build.0 = Release|Any CPU
		{21892E62-AB2E-4BDF-9BC0-B6A84221FD49}.Debug|Any CPU.ActiveCfg = Debug|Any CPU
		{21892E62-AB2E-4BDF-9BC0-B6A84221FD49}.Debug|Any CPU.Build.0 = Debug|Any CPU
		{21892E62-AB2E-4BDF-9BC0-B6A84221FD49}.Release|Any CPU.ActiveCfg = Release|Any CPU
		{21892E62-AB2E-4BDF-9BC0-B6A84221FD49}.Release|Any CPU.Build.0 = Release|Any CPU
	EndGlobalSection
	GlobalSection(SolutionProperties) = preSolution
		HideSolutionNode = FALSE
	EndGlobalSection
	GlobalSection(ExtensibilityGlobals) = postSolution
		SolutionGuid = {796FE3E4-2D0B-4A19-B41F-683E65E417CF}
	EndGlobalSection
EndGlobal
